# This file is generated by running "yarn install" inside your project.
# Manual changes might be lost - proceed with caution!

__metadata:
  version: 4
  cacheKey: 8

"@tsconfig/recommended@npm:^1.0.1":
  version: 1.0.1
  resolution: "@tsconfig/recommended@npm:1.0.1"
  checksum: 5f781e6a26277ee86dd0f1d575d18133627908ddf7c78acdcab0e40d0b7f21f4e1462eb8f98b74cda1d05d15fb3629ceea4c622ee031d62e31e7a99281c49294
  languageName: node
  linkType: hard

"@types/node@npm:^18.8.4":
  version: 18.8.4
  resolution: "@types/node@npm:18.8.4"
  checksum: c2b87f6b0b1f02b2ce61ca7cb93ea287119bda086a3f33e48da8f5e70c24ad7141cc3465946e0e36abb7eba70c7b320c7659842096e4aa573b3a8d557322c818
  languageName: node
  linkType: hard

"agent-base@npm:6":
  version: 6.0.2
  resolution: "agent-base@npm:6.0.2"
  dependencies:
    debug: 4
  checksum: f52b6872cc96fd5f622071b71ef200e01c7c4c454ee68bc9accca90c98cfb39f2810e3e9aa330435835eedc8c23f4f8a15267f67c6e245d2b33757575bdac49d
  languageName: node
  linkType: hard

"argparse@npm:^2.0.1":
  version: 2.0.1
  resolution: "argparse@npm:2.0.1"
  checksum: 83644b56493e89a254bae05702abf3a1101b4fa4d0ca31df1c9985275a5a5bd47b3c27b7fa0b71098d41114d8ca000e6ed90cad764b306f8a503665e4d517ced
  languageName: node
  linkType: hard

"debug@npm:4":
  version: 4.3.3
  resolution: "debug@npm:4.3.3"
  dependencies:
    ms: 2.1.2
  peerDependenciesMeta:
    supports-color:
      optional: true
  checksum: 14472d56fe4a94dbcfaa6dbed2dd3849f1d72ba78104a1a328047bb564643ca49df0224c3a17fa63533fd11dd3d4c8636cd861191232a2c6735af00cc2d4de16
  languageName: node
  linkType: hard

"electron-dependencies@workspace:.":
  version: 0.0.0-use.local
  resolution: "electron-dependencies@workspace:."
  dependencies:
    "@tsconfig/recommended": ^1.0.1
    "@types/node": ^18.8.4
    electron-releases: ^3.1171.0
    https-proxy-agent: ^5.0.0
    js-yaml: ^4.1.0
    minimist: ^1.2.5
    process-versions: ^0.2.1
    typescript: ^4.8.4
  languageName: unknown
  linkType: soft

"electron-releases@npm:^3.1171.0":
  version: 3.1171.0
  resolution: "electron-releases@npm:3.1171.0"
  checksum: 93ebab5d144f603f01d3de2a1a3b5c4ee198f5551066f53cf810bf3894c3f43ae30f1ef3c08f3da090cdce121b181d7f6665d1d87dbdfa62dc1f3fc44d5c9ad3
  languageName: node
  linkType: hard

"https-proxy-agent@npm:^5.0.0":
  version: 5.0.0
  resolution: "https-proxy-agent@npm:5.0.0"
  dependencies:
    agent-base: 6
    debug: 4
  checksum: 165bfb090bd26d47693597661298006841ab733d0c7383a8cb2f17373387a94c903a3ac687090aa739de05e379ab6f868bae84ab4eac288ad85c328cd1ec9e53
  languageName: node
  linkType: hard

"js-yaml@npm:^4.1.0":
  version: 4.1.0
  resolution: "js-yaml@npm:4.1.0"
  dependencies:
    argparse: ^2.0.1
  bin:
    js-yaml: bin/js-yaml.js
  checksum: c7830dfd456c3ef2c6e355cc5a92e6700ceafa1d14bba54497b34a99f0376cecbb3e9ac14d3e5849b426d5a5140709a66237a8c991c675431271c4ce5504151a
  languageName: node
  linkType: hard

"minimist@npm:^1.2.5":
  version: 1.2.5
  resolution: "minimist@npm:1.2.5"
  checksum: 86706ce5b36c16bfc35c5fe3dbb01d5acdc9a22f2b6cc810b6680656a1d2c0e44a0159c9a3ba51fb072bb5c203e49e10b51dcd0eec39c481f4c42086719bae52
  languageName: node
  linkType: hard

"ms@npm:2.1.2":
  version: 2.1.2
  resolution: "ms@npm:2.1.2"
  checksum: 673cdb2c3133eb050c745908d8ce632ed2c02d85640e2edb3ace856a2266a813b30c613569bf3354fdf4ea7d1a1494add3bfa95e2713baa27d0c2c71fc44f58f
  languageName: node
  linkType: hard

"process-versions@npm:^0.2.1":
  version: 0.2.1
  resolution: "process-versions@npm:0.2.1"
  checksum: b3a75e57e3f42fbfb97279d3daf1e8969f3830b4757ce35177e48e866732c760d1fbe5af667b742a73e5d2c3554af930e4113735a06067614e86c78690a12fe2
  languageName: node
  linkType: hard

typescript@^4.8.4:
  version: 4.8.4
  resolution: "typescript@npm:4.8.4"
  bin:
    tsc: bin/tsc
    tsserver: bin/tsserver
  checksum: 3e4f061658e0c8f36c820802fa809e0fd812b85687a9a2f5430bc3d0368e37d1c9605c3ce9b39df9a05af2ece67b1d844f9f6ea8ff42819f13bcb80f85629af0
  languageName: node
  linkType: hard

"typescript@patch:typescript@^4.8.4#~builtin<compat/typescript>":
  version: 4.8.4
  resolution: "typescript@patch:typescript@npm%3A4.8.4#~builtin<compat/typescript>::version=4.8.4&hash=32657b"
  bin:
    tsc: bin/tsc
    tsserver: bin/tsserver
  checksum: a328d5c41fa6626d4f9570f509e9d23938ffa3ad27bea7aea59371c43d3978d214cda35955cec5498cc7e9f59bfe2ee2a960d9397c89017c7d737f01084f3587
  languageName: node
  linkType: hard
