# This file is generated by running "yarn install" inside your project.
# Manual changes might be lost - proceed with caution!

__metadata:
  version: 4
  cacheKey: 8

"agent-base@npm:6":
  version: 6.0.2
  resolution: "agent-base@npm:6.0.2"
  dependencies:
    debug: 4
  checksum: f52b6872cc96fd5f622071b71ef200e01c7c4c454ee68bc9accca90c98cfb39f2810e3e9aa330435835eedc8c23f4f8a15267f67c6e245d2b33757575bdac49d
  languageName: node
  linkType: hard

"argparse@npm:^2.0.1":
  version: 2.0.1
  resolution: "argparse@npm:2.0.1"
  checksum: 83644b56493e89a254bae05702abf3a1101b4fa4d0ca31df1c9985275a5a5bd47b3c27b7fa0b71098d41114d8ca000e6ed90cad764b306f8a503665e4d517ced
  languageName: node
  linkType: hard

"debug@npm:4":
  version: 4.3.3
  resolution: "debug@npm:4.3.3"
  dependencies:
    ms: 2.1.2
  peerDependenciesMeta:
    supports-color:
      optional: true
  checksum: 14472d56fe4a94dbcfaa6dbed2dd3849f1d72ba78104a1a328047bb564643ca49df0224c3a17fa63533fd11dd3d4c8636cd861191232a2c6735af00cc2d4de16
  languageName: node
  linkType: hard

"electron-dependencies@workspace:.":
  version: 0.0.0-use.local
  resolution: "electron-dependencies@workspace:."
  dependencies:
    electron-releases: ^3.939.0
    https-proxy-agent: ^5.0.0
    js-yaml: ^4.1.0
    minimist: ^1.2.5
  languageName: unknown
  linkType: soft

"electron-releases@npm:^3.939.0":
  version: 3.939.0
  resolution: "electron-releases@npm:3.939.0"
  checksum: baff5e4d830a1845fe3de3e2c151df64f9a0d7e0aba67d9a51fc2081486e050db8cbcf74a477cbaedcc446c314863fb593eed90c8e24be7e3df1add604d0b9ee
  languageName: node
  linkType: hard

"https-proxy-agent@npm:^5.0.0":
  version: 5.0.0
  resolution: "https-proxy-agent@npm:5.0.0"
  dependencies:
    agent-base: 6
    debug: 4
  checksum: 165bfb090bd26d47693597661298006841ab733d0c7383a8cb2f17373387a94c903a3ac687090aa739de05e379ab6f868bae84ab4eac288ad85c328cd1ec9e53
  languageName: node
  linkType: hard

"js-yaml@npm:^4.1.0":
  version: 4.1.0
  resolution: "js-yaml@npm:4.1.0"
  dependencies:
    argparse: ^2.0.1
  bin:
    js-yaml: bin/js-yaml.js
  checksum: c7830dfd456c3ef2c6e355cc5a92e6700ceafa1d14bba54497b34a99f0376cecbb3e9ac14d3e5849b426d5a5140709a66237a8c991c675431271c4ce5504151a
  languageName: node
  linkType: hard

"minimist@npm:^1.2.5":
  version: 1.2.5
  resolution: "minimist@npm:1.2.5"
  checksum: 86706ce5b36c16bfc35c5fe3dbb01d5acdc9a22f2b6cc810b6680656a1d2c0e44a0159c9a3ba51fb072bb5c203e49e10b51dcd0eec39c481f4c42086719bae52
  languageName: node
  linkType: hard

"ms@npm:2.1.2":
  version: 2.1.2
  resolution: "ms@npm:2.1.2"
  checksum: 673cdb2c3133eb050c745908d8ce632ed2c02d85640e2edb3ace856a2266a813b30c613569bf3354fdf4ea7d1a1494add3bfa95e2713baa27d0c2c71fc44f58f
  languageName: node
  linkType: hard
